
Microsoft Visual Studio Solution File, Format Version 12.00
Project("{FAE04EC0-301F-11D3-BF4B-00C04F79EFBC}") = "EngineerDashboard.Telemetry", "EngineerDashboard.Telemetry\EngineerDashboard.Telemetry.csproj", "{725194B9-1449-4CD4-81FF-64B550ECF56F}"
EndProject
Project("{FAE04EC0-301F-11D3-BF4B-00C04F79EFBC}") = "EngineerDashboard.App", "EngineerDashboard.App\EngineerDashboard.App.csproj", "{265025D4-CF23-4212-BB1C-B49A443E5D37}"
EndProject
Global
	GlobalSection(SolutionConfigurationPlatforms) = preSolution
		Debug|Any CPU = Debug|Any CPU
		Release|Any CPU = Release|Any CPU
	EndGlobalSection
	GlobalSection(ProjectConfigurationPlatforms) = postSolution
		{725194B9-1449-4CD4-81FF-64B550ECF56F}.Debug|Any CPU.ActiveCfg = Debug|Any CPU
		{725194B9-1449-4CD4-81FF-64B550ECF56F}.Debug|Any CPU.Build.0 = Debug|Any CPU
		{725194B9-1449-4CD4-81FF-64B550ECF56F}.Release|Any CPU.ActiveCfg = Release|Any CPU
		{725194B9-1449-4CD4-81FF-64B550ECF56F}.Release|Any CPU.Build.0 = Release|Any CPU
		{265025D4-CF23-4212-BB1C-B49A443E5D37}.Debug|Any CPU.ActiveCfg = Debug|Any CPU
		{265025D4-CF23-4212-BB1C-B49A443E5D37}.Debug|Any CPU.Build.0 = Debug|Any CPU
		{265025D4-CF23-4212-BB1C-B49A443E5D37}.Release|Any CPU.ActiveCfg = Release|Any CPU
		{265025D4-CF23-4212-BB1C-B49A443E5D37}.Release|Any CPU.Build.0 = Release|Any CPU
	EndGlobalSection
EndGlobal
